
Microsoft Visual Studio Solution File, Format Version 12.00
# Visual Studio Version 16
VisualStudioVersion = 16.0.30621.155
MinimumVisualStudioVersion = 10.0.40219.1
Project("{9A19103F-16F7-4668-BE54-9A1E7A4F7556}") = "PlayerMover", "PlayerMover\PlayerMover.csproj", "{022F5B70-066D-4A1B-B44C-FDED2BB4D2BD}"
EndProject
Project("{FAE04EC0-301F-11D3-BF4B-00C04F79EFBC}") = "UUIDUtil", "UUIDUtil\UUIDUtil.csproj", "{69D5A91E-60F6-42A3-B43F-83B546347F42}"
EndProject
Global
	GlobalSection(SolutionConfigurationPlatforms) = preSolution
		Debug|Any CPU = Debug|Any CPU
		Release|Any CPU = Release|Any CPU
	EndGlobalSection
	GlobalSection(ProjectConfigurationPlatforms) = postSolution
		{022F5B70-066D-4A1B-B44C-FDED2BB4D2BD}.Debug|Any CPU.ActiveCfg = Debug|Any CPU
		{022F5B70-066D-4A1B-B44C-FDED2BB4D2BD}.Debug|Any CPU.Build.0 = Debug|Any CPU
		{022F5B70-066D-4A1B-B44C-FDED2BB4D2BD}.Release|Any CPU.ActiveCfg = Release|Any CPU
		{022F5B70-066D-4A1B-B44C-FDED2BB4D2BD}.Release|Any CPU.Build.0 = Release|Any CPU
		{69D5A91E-60F6-42A3-B43F-83B546347F42}.Debug|Any CPU.ActiveCfg = Debug|Any CPU
		{69D5A91E-60F6-42A3-B43F-83B546347F42}.Debug|Any CPU.Build.0 = Debug|Any CPU
		{69D5A91E-60F6-42A3-B43F-83B546347F42}.Release|Any CPU.ActiveCfg = Release|Any CPU
		{69D5A91E-60F6-42A3-B43F-83B546347F42}.Release|Any CPU.Build.0 = Release|Any CPU
	EndGlobalSection
	GlobalSection(SolutionProperties) = preSolution
		HideSolutionNode = FALSE
	EndGlobalSection
	GlobalSection(ExtensibilityGlobals) = postSolution
		SolutionGuid = {F1894E5E-BE08-4947-A590-0681EE99B102}
	EndGlobalSection
EndGlobal
